
Microsoft Visual Studio Solution File, Format Version 12.00
# Visual Studio Version 17
VisualStudioVersion = 17.7.34009.444
MinimumVisualStudioVersion = 10.0.40219.1
Project("{FAE04EC0-301F-11D3-BF4B-00C04F79EFBC}") = "EntityFramework", "EntityFramework\EntityFramework.csproj", "{23B6AC04-66C7-4993-99F1-4077A00F5A51}"
EndProject
Project("{FAE04EC0-301F-11D3-BF4B-00C04F79EFBC}") = "NorthwindModel", "NorthwindModel\NorthwindModel.csproj", "{3F07D534-7796-4EF7-90C5-26711E764891}"
EndProject
Global
	GlobalSection(SolutionConfigurationPlatforms) = preSolution
		Debug|Any CPU = Debug|Any CPU
		Release|Any CPU = Release|Any CPU
	EndGlobalSection
	GlobalSection(ProjectConfigurationPlatforms) = postSolution
		{23B6AC04-66C7-4993-99F1-4077A00F5A51}.Debug|Any CPU.ActiveCfg = Debug|Any CPU
		{23B6AC04-66C7-4993-99F1-4077A00F5A51}.Debug|Any CPU.Build.0 = Debug|Any CPU
		{23B6AC04-66C7-4993-99F1-4077A00F5A51}.Release|Any CPU.ActiveCfg = Release|Any CPU
		{23B6AC04-66C7-4993-99F1-4077A00F5A51}.Release|Any CPU.Build.0 = Release|Any CPU
		{3F07D534-7796-4EF7-90C5-26711E764891}.Debug|Any CPU.ActiveCfg = Debug|Any CPU
		{3F07D534-7796-4EF7-90C5-26711E764891}.Debug|Any CPU.Build.0 = Debug|Any CPU
		{3F07D534-7796-4EF7-90C5-26711E764891}.Release|Any CPU.ActiveCfg = Release|Any CPU
		{3F07D534-7796-4EF7-90C5-26711E764891}.Release|Any CPU.Build.0 = Release|Any CPU
	EndGlobalSection
	GlobalSection(SolutionProperties) = preSolution
		HideSolutionNode = FALSE
	EndGlobalSection
	GlobalSection(ExtensibilityGlobals) = postSolution
		SolutionGuid = {8DEF8F89-022F-4ECD-9405-8DA4F73D44C6}
	EndGlobalSection
EndGlobal
